
Microsoft Visual Studio Solution File, Format Version 12.00
# Visual Studio Version 17
VisualStudioVersion = 17.7.34009.444
MinimumVisualStudioVersion = 10.0.40219.1
Project("{FAE04EC0-301F-11D3-BF4B-00C04F79EFBC}") = "managelibrarysystem", "managelibrarysystem.csproj", "{3EADB9A1-5379-45EF-BB73-F8BBB43E2E8A}"
EndProject
Global
	GlobalSection(SolutionConfigurationPlatforms) = preSolution
		Debug|Any CPU = Debug|Any CPU
		Release|Any CPU = Release|Any CPU
	EndGlobalSection
	GlobalSection(ProjectConfigurationPlatforms) = postSolution
		{3EADB9A1-5379-45EF-BB73-F8BBB43E2E8A}.Debug|Any CPU.ActiveCfg = Debug|Any CPU
		{3EADB9A1-5379-45EF-BB73-F8BBB43E2E8A}.Debug|Any CPU.Build.0 = Debug|Any CPU
		{3EADB9A1-5379-45EF-BB73-F8BBB43E2E8A}.Release|Any CPU.ActiveCfg = Release|Any CPU
		{3EADB9A1-5379-45EF-BB73-F8BBB43E2E8A}.Release|Any CPU.Build.0 = Release|Any CPU
	EndGlobalSection
	GlobalSection(SolutionProperties) = preSolution
		HideSolutionNode = FALSE
	EndGlobalSection
	GlobalSection(ExtensibilityGlobals) = postSolution
		SolutionGuid = {F6B24BCD-8CB9-4198-AF76-D20293D90CB5}
	EndGlobalSection
EndGlobal
